
Microsoft Visual Studio Solution File, Format Version 12.00
# Visual Studio Version 17
VisualStudioVersion = 17.14.36109.1 d17.14
MinimumVisualStudioVersion = 10.0.40219.1
Project("{FAE04EC0-301F-11D3-BF4B-00C04F79EFBC}") = "API", "API\API.csproj", "{16887828-99A6-43AE-9984-A01E798C5FB1}"
EndProject
Project("{FAE04EC0-301F-11D3-BF4B-00C04F79EFBC}") = "Application", "Application\Application.csproj", "{D98FC3AA-BEDC-493C-8977-10CC8E009EE4}"
EndProject
Project("{FAE04EC0-301F-11D3-BF4B-00C04F79EFBC}") = "Domain", "Domain\Domain.csproj", "{9785A441-872D-4FED-B09F-BF936F9239FA}"
EndProject
Project("{FAE04EC0-301F-11D3-BF4B-00C04F79EFBC}") = "Infrastructure", "Infrastructure\Infrastructure.csproj", "{574EBBCE-0DD1-4DB9-AFC3-7CEDAA0E5BAD}"
EndProject
Global
	GlobalSection(SolutionConfigurationPlatforms) = preSolution
		Debug|Any CPU = Debug|Any CPU
		Release|Any CPU = Release|Any CPU
	EndGlobalSection
	GlobalSection(ProjectConfigurationPlatforms) = postSolution
		{16887828-99A6-43AE-9984-A01E798C5FB1}.Debug|Any CPU.ActiveCfg = Debug|Any CPU
		{16887828-99A6-43AE-9984-A01E798C5FB1}.Debug|Any CPU.Build.0 = Debug|Any CPU
		{16887828-99A6-43AE-9984-A01E798C5FB1}.Release|Any CPU.ActiveCfg = Release|Any CPU
		{16887828-99A6-43AE-9984-A01E798C5FB1}.Release|Any CPU.Build.0 = Release|Any CPU
		{D98FC3AA-BEDC-493C-8977-10CC8E009EE4}.Debug|Any CPU.ActiveCfg = Debug|Any CPU
		{D98FC3AA-BEDC-493C-8977-10CC8E009EE4}.Debug|Any CPU.Build.0 = Debug|Any CPU
		{D98FC3AA-BEDC-493C-8977-10CC8E009EE4}.Release|Any CPU.ActiveCfg = Release|Any CPU
		{D98FC3AA-BEDC-493C-8977-10CC8E009EE4}.Release|Any CPU.Build.0 = Release|Any CPU
		{9785A441-872D-4FED-B09F-BF936F9239FA}.Debug|Any CPU.ActiveCfg = Debug|Any CPU
		{9785A441-872D-4FED-B09F-BF936F9239FA}.Debug|Any CPU.Build.0 = Debug|Any CPU
		{9785A441-872D-4FED-B09F-BF936F9239FA}.Release|Any CPU.ActiveCfg = Release|Any CPU
		{9785A441-872D-4FED-B09F-BF936F9239FA}.Release|Any CPU.Build.0 = Release|Any CPU
		{574EBBCE-0DD1-4DB9-AFC3-7CEDAA0E5BAD}.Debug|Any CPU.ActiveCfg = Debug|Any CPU
		{574EBBCE-0DD1-4DB9-AFC3-7CEDAA0E5BAD}.Debug|Any CPU.Build.0 = Debug|Any CPU
		{574EBBCE-0DD1-4DB9-AFC3-7CEDAA0E5BAD}.Release|Any CPU.ActiveCfg = Release|Any CPU
		{574EBBCE-0DD1-4DB9-AFC3-7CEDAA0E5BAD}.Release|Any CPU.Build.0 = Release|Any CPU
	EndGlobalSection
	GlobalSection(SolutionProperties) = preSolution
		HideSolutionNode = FALSE
	EndGlobalSection
	GlobalSection(ExtensibilityGlobals) = postSolution
		SolutionGuid = {8B7E6F37-ED70-44D9-805D-373E7C613BE6}
	EndGlobalSection
EndGlobal
